// !$*UTF8*$!
{
	archiveVersion = 1;
	classes = {
	};
	objectVersion = 46;
	objects = {

/* Begin PBXBuildFile section */
		732B23BF1DEF271300589975 /* AppDelegate.swift in Sources */ = {isa = PBXBuildFile; fileRef = 732B23BE1DEF271300589975 /* AppDelegate.swift */; };
		732B23C11DEF271300589975 /* ViewController.swift in Sources */ = {isa = PBXBuildFile; fileRef = 732B23C01DEF271300589975 /* ViewController.swift */; };
		732B23C41DEF271300589975 /* Main.storyboard in Resources */ = {isa = PBXBuildFile; fileRef = 732B23C21DEF271300589975 /* Main.storyboard */; };
		732B23C61DEF271300589975 /* Assets.xcassets in Resources */ = {isa = PBXBuildFile; fileRef = 732B23C51DEF271300589975 /* Assets.xcassets */; };
		732B23C91DEF271300589975 /* LaunchScreen.storyboard in Resources */ = {isa = PBXBuildFile; fileRef = 732B23C71DEF271300589975 /* LaunchScreen.storyboard */; };
		732B23D11DEF29B800589975 /* pokemon.csv in Resources */ = {isa = PBXBuildFile; fileRef = 732B23D01DEF29B800589975 /* pokemon.csv */; };
		73767D641DEF8C93000BCC30 /* Pokemon.swift in Sources */ = {isa = PBXBuildFile; fileRef = 73767D631DEF8C93000BCC30 /* Pokemon.swift */; };
/* End PBXBuildFile section */

/* Begin PBXFileReference section */
		732B23BB1DEF271300589975 /* PokePoke.app */ = {isa = PBXFileReference; explicitFileType = wrapper.application; includeInIndex = 0; path = PokePoke.app; sourceTree = BUILT_PRODUCTS_DIR; };
		732B23BE1DEF271300589975 /* AppDelegate.swift */ = {isa = PBXFileReference; lastKnownFileType = sourcecode.swift; path = AppDelegate.swift; sourceTree = "<group>"; };
		732B23C01DEF271300589975 /* ViewController.swift */ = {isa = PBXFileReference; lastKnownFileType = sourcecode.swift; path = ViewController.swift; sourceTree = "<group>"; };
		732B23C31DEF271300589975 /* Base */ = {isa = PBXFileReference; lastKnownFileType = file.storyboard; name = Base; path = Base.lproj/Main.storyboard; sourceTree = "<group>"; };
		732B23C51DEF271300589975 /* Assets.xcassets */ = {isa = PBXFileReference; lastKnownFileType = folder.assetcatalog; path = Assets.xcassets; sourceTree = "<group>"; };
		732B23C81DEF271300589975 /* Base */ = {isa = PBXFileReference; lastKnownFileType = file.storyboard; name = Base; path = Base.lproj/LaunchScreen.storyboard; sourceTree = "<group>"; };
		732B23CA1DEF271300589975 /* Info.plist */ = {isa = PBXFileReference; lastKnownFileType = text.plist.xml; path = Info.plist; sourceTree = "<group>"; };
		732B23D01DEF29B800589975 /* pokemon.csv */ = {isa = PBXFileReference; fileEncoding = 4; lastKnownFileType = text; path = pokemon.csv; sourceTree = "<group>"; };
		73767D631DEF8C93000BCC30 /* Pokemon.swift */ = {isa = PBXFileReference; fileEncoding = 4; lastKnownFileType = sourcecode.swift; path = Pokemon.swift; sourceTree = "<group>"; };
/* End PBXFileReference section */

/* Begin PBXFrameworksBuildPhase section */
		732B23B81DEF271300589975 /* Frameworks */ = {
			isa = PBXFrameworksBuildPhase;
			buildActionMask = 2147483647;
			files = (
			);
			runOnlyForDeploymentPostprocessing = 0;
		};
/* End PBXFrameworksBuildPhase section */

/* Begin PBXGroup section */
		732B23B21DEF271300589975 = {
			isa = PBXGroup;
			children = (
				732B23BD1DEF271300589975 /* PokePoke */,
				732B23BC1DEF271300589975 /* Products */,
			);
			sourceTree = "<group>";
		};
		732B23BC1DEF271300589975 /* Products */ = {
			isa = PBXGroup;
			children = (
				732B23BB1DEF271300589975 /* PokePoke.app */,
			);
			name = Products;
			sourceTree = "<group>";
		};
		732B23BD1DEF271300589975 /* PokePoke */ = {
			isa = PBXGroup;
			children = (
				73767D621DEF8C6D000BCC30 /* Model */,
				732B23BE1DEF271300589975 /* AppDelegate.swift */,
				732B23C01DEF271300589975 /* ViewController.swift */,
				732B23C21DEF271300589975 /* Main.storyboard */,
				732B23C51DEF271300589975 /* Assets.xcassets */,
				732B23D01DEF29B800589975 /* pokemon.csv */,
				732B23C71DEF271300589975 /* LaunchScreen.storyboard */,
				732B23CA1DEF271300589975 /* Info.plist */,
			);
			path = PokePoke;
			sourceTree = "<group>";
		};
		73767D621DEF8C6D000BCC30 /* Model */ = {
			isa = PBXGroup;
			children = (
				73767D631DEF8C93000BCC30 /* Pokemon.swift */,
			);
			name = Model;
			sourceTree = "<group>";
		};
/* End PBXGroup section */

/* Begin PBXNativeTarget section */
		732B23BA1DEF271300589975 /* PokePoke */ = {
			isa = PBXNativeTarget;
			buildConfigurationList = 732B23CD1DEF271300589975 /* Build configuration list for PBXNativeTarget "PokePoke" */;
			buildPhases = (
				732B23B71DEF271300589975 /* Sources */,
				732B23B81DEF271300589975 /* Frameworks */,
				732B23B91DEF271300589975 /* Resources */,
			);
			buildRules = (
			);
			dependencies = (
			);
			name = PokePoke;
			productName = PokePoke;
			productReference = 732B23BB1DEF271300589975 /* PokePoke.app */;
			productType = "com.apple.product-type.application";
		};
/* End PBXNativeTarget section */

/* Begin PBXProject section */
		732B23B31DEF271300589975 /* Project object */ = {
			isa = PBXProject;
			attributes = {
				LastSwiftUpdateCheck = 0810;
				LastUpgradeCheck = 0810;
				ORGANIZATIONNAME = "Vilmar Fonseca";
				TargetAttributes = {
					732B23BA1DEF271300589975 = {
						CreatedOnToolsVersion = 8.1;
						DevelopmentTeam = JU8YK48EZZ;
						ProvisioningStyle = Automatic;
					};
				};
			};
			buildConfigurationList = 732B23B61DEF271300589975 /* Build configuration list for PBXProject "PokePoke" */;
			compatibilityVersion = "Xcode 3.2";
			developmentRegion = English;
			hasScannedForEncodings = 0;
			knownRegions = (
				en,
				Base,
			);
			mainGroup = 732B23B21DEF271300589975;
			productRefGroup = 732B23BC1DEF271300589975 /* Products */;
			projectDirPath = "";
			projectRoot = "";
			targets = (
				732B23BA1DEF271300589975 /* PokePoke */,
			);
		};
/* End PBXProject section */

/* Begin PBXResourcesBuildPhase section */
		732B23B91DEF271300589975 /* Resources */ = {
			isa = PBXResourcesBuildPhase;
			buildActionMask = 2147483647;
			files = (
				732B23C91DEF271300589975 /* LaunchScreen.storyboard in Resources */,
				732B23C61DEF271300589975 /* Assets.xcassets in Resources */,
				732B23D11DEF29B800589975 /* pokemon.csv in Resources */,
				732B23C41DEF271300589975 /* Main.storyboard in Resources */,
			);
			runOnlyForDeploymentPostprocessing = 0;
		};
/* End PBXResourcesBuildPhase section */

/* Begin PBXSourcesBuildPhase section */
		732B23B71DEF271300589975 /* Sources */ = {
			isa = PBXSourcesBuildPhase;
			buildActionMask = 2147483647;
			files = (
				732B23C11DEF271300589975 /* ViewController.swift in Sources */,
				732B23BF1DEF271300589975 /* AppDelegate.swift in Sources */,
				73767D641DEF8C93000BCC30 /* Pokemon.swift in Sources */,
			);
			runOnlyForDeploymentPostprocessing = 0;
		};
/* End PBXSourcesBuildPhase section */

/* Begin PBXVariantGroup section */
		732B23C21DEF271300589975 /* Main.storyboard */ = {
			isa = PBXVariantGroup;
			children = (
				732B23C31DEF271300589975 /* Base */,
			);
			name = Main.storyboard;
			sourceTree = "<group>";
		};
		732B23C71DEF271300589975 /* LaunchScreen.storyboard */ = {
			isa = PBXVariantGroup;
			children = (
				732B23C81DEF271300589975 /* Base */,
			);
			name = LaunchScreen.storyboard;
			sourceTree = "<group>";
		};
/* End PBXVariantGroup section */

/* Begin XCBuildConfiguration section */
		732B23CB1DEF271300589975 /* Debug */ = {
			isa = XCBuildConfiguration;
			buildSettings = {
				ALWAYS_SEARCH_USER_PATHS = NO;
				CLANG_ANALYZER_NONNULL = YES;
				CLANG_CXX_LANGUAGE_STANDARD = "gnu++0x";
				CLANG_CXX_LIBRARY = "libc++";
				CLANG_ENABLE_MODULES = YES;
				CLANG_ENABLE_OBJC_ARC = YES;
				CLANG_WARN_BOOL_CONVERSION = YES;
				CLANG_WARN_CONSTANT_CONVERSION = YES;
				CLANG_WARN_DIRECT_OBJC_ISA_USAGE = YES_ERROR;
				CLANG_WARN_DOCUMENTATION_COMMENTS = YES;
				CLANG_WARN_EMPTY_BODY = YES;
				CLANG_WARN_ENUM_CONVERSION = YES;
				CLANG_WARN_INFINITE_RECURSION = YES;
				CLANG_WARN_INT_CONVERSION = YES;
				CLANG_WARN_OBJC_ROOT_CLASS = YES_ERROR;
				CLANG_WARN_SUSPICIOUS_MOVES = YES;
				CLANG_WARN_UNREACHABLE_CODE = YES;
				CLANG_WARN__DUPLICATE_METHOD_MATCH = YES;
				"CODE_SIGN_IDENTITY[sdk=iphoneos*]" = "iPhone Developer";
				COPY_PHASE_STRIP = NO;
				DEBUG_INFORMATION_FORMAT = dwarf;
				ENABLE_STRICT_OBJC_MSGSEND = YES;
				ENABLE_TESTABILITY = YES;
				GCC_C_LANGUAGE_STANDARD = gnu99;
				GCC_DYNAMIC_NO_PIC = NO;
				GCC_NO_COMMON_BLOCKS = YES;
				GCC_OPTIMIZATION_LEVEL = 0;
				GCC_PREPROCESSOR_DEFINITIONS = (
					"DEBUG=1",
					"$(inherited)",
				);
				GCC_WARN_64_TO_32_BIT_CONVERSION = YES;
				GCC_WARN_ABOUT_RETURN_TYPE = YES_ERROR;
				GCC_WARN_UNDECLARED_SELECTOR = YES;
				GCC_WARN_UNINITIALIZED_AUTOS = YES_AGGRESSIVE;
				GCC_WARN_UNUSED_FUNCTION = YES;
				GCC_WARN_UNUSED_VARIABLE = YES;
				IPHONEOS_DEPLOYMENT_TARGET = 10.1;
				MTL_ENABLE_DEBUG_INFO = YES;
				ONLY_ACTIVE_ARCH = YES;
				SDKROOT = iphoneos;
				SWIFT_ACTIVE_COMPILATION_CONDITIONS = DEBUG;
				SWIFT_OPTIMIZATION_LEVEL = "-Onone";
				TARGETED_DEVICE_FAMILY = "1,2";
			};
			name = Debug;
		};
		732B23CC1DEF271300589975 /* Release */ = {
			isa = XCBuildConfiguration;
			buildSettings = {
				ALWAYS_SEARCH_USER_PATHS = NO;
				CLANG_ANALYZER_NONNULL = YES;
				CLANG_CXX_LANGUAGE_STANDARD = "gnu++0x";
				CLANG_CXX_LIBRARY = "libc++";
				CLANG_ENABLE_MODULES = YES;
				CLANG_ENABLE_OBJC_ARC = YES;
				CLANG_WARN_BOOL_CONVERSION = YES;
				CLANG_WARN_CONSTANT_CONVERSION = YES;
				CLANG_WARN_DIRECT_OBJC_ISA_USAGE = YES_ERROR;
				CLANG_WARN_DOCUMENTATION_COMMENTS = YES;
				CLANG_WARN_EMPTY_BODY = YES;
				CLANG_WARN_ENUM_CONVERSION = YES;
				CLANG_WARN_INFINITE_RECURSION = YES;
				CLANG_WARN_INT_CONVERSION = YES;
				CLANG_WARN_OBJC_ROOT_CLASS = YES_ERROR;
				CLANG_WARN_SUSPICIOUS_MOVES = YES;
				CLANG_WARN_UNREACHABLE_CODE = YES;
				CLANG_WARN__DUPLICATE_METHOD_MATCH = YES;
				"CODE_SIGN_IDENTITY[sdk=iphoneos*]" = "iPhone Developer";
				COPY_PHASE_STRIP = NO;
				DEBUG_INFORMATION_FORMAT = "dwarf-with-dsym";
				ENABLE_NS_ASSERTIONS = NO;
				ENABLE_STRICT_OBJC_MSGSEND = YES;
				GCC_C_LANGUAGE_STANDARD = gnu99;
				GCC_NO_COMMON_BLOCKS = YES;
				GCC_WARN_64_TO_32_BIT_CONVERSION = YES;
				GCC_WARN_ABOUT_RETURN_TYPE = YES_ERROR;
				GCC_WARN_UNDECLARED_SELECTOR = YES;
				GCC_WARN_UNINITIALIZED_AUTOS = YES_AGGRESSIVE;
				GCC_WARN_UNUSED_FUNCTION = YES;
				GCC_WARN_UNUSED_VARIABLE = YES;
				IPHONEOS_DEPLOYMENT_TARGET = 10.1;
				MTL_ENABLE_DEBUG_INFO = NO;
				SDKROOT = iphoneos;
				SWIFT_OPTIMIZATION_LEVEL = "-Owholemodule";
				TARGETED_DEVICE_FAMILY = "1,2";
				VALIDATE_PRODUCT = YES;
			};
			name = Release;
		};
		732B23CE1DEF271300589975 /* Debug */ = {
			isa = XCBuildConfiguration;
			buildSettings = {
				ASSETCATALOG_COMPILER_APPICON_NAME = AppIcon;
				DEVELOPMENT_TEAM = JU8YK48EZZ;
				INFOPLIST_FILE = PokePoke/Info.plist;
				LD_RUNPATH_SEARCH_PATHS = "$(inherited) @executable_path/Frameworks";
				PRODUCT_BUNDLE_IDENTIFIER = Fonseca.PokePoke;
				PRODUCT_NAME = "$(TARGET_NAME)";
				SWIFT_VERSION = 3.0;
			};
			name = Debug;
		};
		732B23CF1DEF271300589975 /* Release */ = {
			isa = XCBuildConfiguration;
			buildSettings = {
				ASSETCATALOG_COMPILER_APPICON_NAME = AppIcon;
				DEVELOPMENT_TEAM = JU8YK48EZZ;
				INFOPLIST_FILE = PokePoke/Info.plist;
				LD_RUNPATH_SEARCH_PATHS = "$(inherited) @executable_path/Frameworks";
				PRODUCT_BUNDLE_IDENTIFIER = Fonseca.PokePoke;
				PRODUCT_NAME = "$(TARGET_NAME)";
				SWIFT_VERSION = 3.0;
			};
			name = Release;
		};
/* End XCBuildConfiguration section */

/* Begin XCConfigurationList section */
		732B23B61DEF271300589975 /* Build configuration list for PBXProject "PokePoke" */ = {
			isa = XCConfigurationList;
			buildConfigurations = (
				732B23CB1DEF271300589975 /* Debug */,
				732B23CC1DEF271300589975 /* Release */,
			);
			defaultConfigurationIsVisible = 0;
			defaultConfigurationName = Release;
		};
		732B23CD1DEF271300589975 /* Build configuration list for PBXNativeTarget "PokePoke" */ = {
			isa = XCConfigurationList;
			buildConfigurations = (
				732B23CE1DEF271300589975 /* Debug */,
				732B23CF1DEF271300589975 /* Release */,
			);
			defaultConfigurationIsVisible = 0;
			defaultConfigurationName = Release;
		};
/* End XCConfigurationList section */
	};
	rootObject = 732B23B31DEF271300589975 /* Project object */;
}
